
Microsoft Visual Studio Solution File, Format Version 12.00
# Visual Studio Version 17
VisualStudioVersion = 17.8.34525.116
MinimumVisualStudioVersion = 10.0.40219.1
Project("{9A19103F-16F7-4668-BE54-9A1E7A4F7556}") = "AM.Console", "AM.Console\AM.Console.csproj", "{FF935122-7A14-4DD9-9EE3-B07932A90EDE}"
EndProject
Project("{9A19103F-16F7-4668-BE54-9A1E7A4F7556}") = "AM.ApplicationCore", "AM.ApplicationCore\AM.ApplicationCore.csproj", "{9D0A3E9C-ED80-4BAD-8C0E-06A0D95DB46B}"
EndProject
Project("{FAE04EC0-301F-11D3-BF4B-00C04F79EFBC}") = "AM.Infrastructure", "AM.Infrastructure\AM.Infrastructure.csproj", "{7CEDA206-BA79-44E7-AAB5-AB0D198DB83F}"
EndProject
Global
	GlobalSection(SolutionConfigurationPlatforms) = preSolution
		Debug|Any CPU = Debug|Any CPU
		Release|Any CPU = Release|Any CPU
	EndGlobalSection
	GlobalSection(ProjectConfigurationPlatforms) = postSolution
		{FF935122-7A14-4DD9-9EE3-B07932A90EDE}.Debug|Any CPU.ActiveCfg = Debug|Any CPU
		{FF935122-7A14-4DD9-9EE3-B07932A90EDE}.Debug|Any CPU.Build.0 = Debug|Any CPU
		{FF935122-7A14-4DD9-9EE3-B07932A90EDE}.Release|Any CPU.ActiveCfg = Release|Any CPU
		{FF935122-7A14-4DD9-9EE3-B07932A90EDE}.Release|Any CPU.Build.0 = Release|Any CPU
		{9D0A3E9C-ED80-4BAD-8C0E-06A0D95DB46B}.Debug|Any CPU.ActiveCfg = Debug|Any CPU
		{9D0A3E9C-ED80-4BAD-8C0E-06A0D95DB46B}.Debug|Any CPU.Build.0 = Debug|Any CPU
		{9D0A3E9C-ED80-4BAD-8C0E-06A0D95DB46B}.Release|Any CPU.ActiveCfg = Release|Any CPU
		{9D0A3E9C-ED80-4BAD-8C0E-06A0D95DB46B}.Release|Any CPU.Build.0 = Release|Any CPU
		{7CEDA206-BA79-44E7-AAB5-AB0D198DB83F}.Debug|Any CPU.ActiveCfg = Debug|Any CPU
		{7CEDA206-BA79-44E7-AAB5-AB0D198DB83F}.Debug|Any CPU.Build.0 = Debug|Any CPU
		{7CEDA206-BA79-44E7-AAB5-AB0D198DB83F}.Release|Any CPU.ActiveCfg = Release|Any CPU
		{7CEDA206-BA79-44E7-AAB5-AB0D198DB83F}.Release|Any CPU.Build.0 = Release|Any CPU
	EndGlobalSection
	GlobalSection(SolutionProperties) = preSolution
		HideSolutionNode = FALSE
	EndGlobalSection
	GlobalSection(ExtensibilityGlobals) = postSolution
		SolutionGuid = {E34E73D8-D84A-4B6F-BD2D-70693B94C158}
	EndGlobalSection
EndGlobal
